// !$*UTF8*$!
{
	archiveVersion = 1;
	classes = {
	};
	objectVersion = 46;
	objects = {

/* Begin PBXBuildFile section */
		0696B089BB604B7368D2E0C2 /* Pods_testTask.framework in Frameworks */ = {isa = PBXBuildFile; fileRef = EF42E88B78754DCB3A12C814 /* Pods_testTask.framework */; };
		BAD0F035FE50ECA16B79C73A /* String+localized.swift in Sources */ = {isa = PBXBuildFile; fileRef = BAD0F36DDCBC3686508E36F0 /* String+localized.swift */; };
		BAD0F161A425F8B7836B296D /* StringManager.swift in Sources */ = {isa = PBXBuildFile; fileRef = BAD0FF0984B14E1007D43530 /* StringManager.swift */; };
		BAD0F3354C243F8EDB49A820 /* RegisterButton.swift in Sources */ = {isa = PBXBuildFile; fileRef = BAD0FB6FC9F2D049C037A4DD /* RegisterButton.swift */; };
		BAD0F4E620E35DD134E7BD08 /* AuthRouter.swift in Sources */ = {isa = PBXBuildFile; fileRef = BAD0F17D7596B06A7C40FE8A /* AuthRouter.swift */; };
		BAD0F5B1B18F4C26FEECB78C /* LoginButton.swift in Sources */ = {isa = PBXBuildFile; fileRef = BAD0F5B064F416A4AC3A3120 /* LoginButton.swift */; };
		BAD0F5FDE7689B26026199AA /* APIResponse.Protocol.swift in Sources */ = {isa = PBXBuildFile; fileRef = BAD0F7E4DA8C23E202BC2E01 /* APIResponse.Protocol.swift */; };
		BAD0F734145C26E03B008871 /* AuthViewController.swift in Sources */ = {isa = PBXBuildFile; fileRef = BAD0FD79C178162CB018AA61 /* AuthViewController.swift */; };
		BAD0F7D92A7BB174DF15F645 /* Validator.swift in Sources */ = {isa = PBXBuildFile; fileRef = BAD0FB44626D101425ADF563 /* Validator.swift */; };
		BAD0F829BAFD46DE8C317098 /* APIRequest.Protocol.swift in Sources */ = {isa = PBXBuildFile; fileRef = BAD0F5E4E7202A72D87A8F96 /* APIRequest.Protocol.swift */; };
		BAD0F957D281946A78BFAB27 /* GetWeatherByZipRequest.swift in Sources */ = {isa = PBXBuildFile; fileRef = BAD0F083744DFCC592EDD01C /* GetWeatherByZipRequest.swift */; };
		BAD0FA390AA8859F1AA16DEA /* LaunchScreen.storyboard in Resources */ = {isa = PBXBuildFile; fileRef = BAD0FC678A5C9E21B9CF815B /* LaunchScreen.storyboard */; };
		BAD0FAC85505F9CB6EAF71A1 /* UIColor+customColors.swift in Sources */ = {isa = PBXBuildFile; fileRef = BAD0FAE9FF56A15073B3D592 /* UIColor+customColors.swift */; };
		BAD0FC63CCBD38B6CAC8BB09 /* ForgotPasswordButton.swift in Sources */ = {isa = PBXBuildFile; fileRef = BAD0F33AE37A10199F370856 /* ForgotPasswordButton.swift */; };
		BAD0FC6E7E982B11A055A96E /* WeatherAPI.swift in Sources */ = {isa = PBXBuildFile; fileRef = BAD0F466C0596635E97AD9F8 /* WeatherAPI.swift */; };
		BAD0FD2BAA145A48D086F4E3 /* Assets.xcassets in Resources */ = {isa = PBXBuildFile; fileRef = BAD0F80CE922032DBFA85689 /* Assets.xcassets */; };
		BAD0FD7DC93A4DE45376CFB2 /* AuthModel.swift in Sources */ = {isa = PBXBuildFile; fileRef = BAD0F22FF9079479B8ECAC5C /* AuthModel.swift */; };
		BAD0FD9B988389F3BC1F9E2D /* SeparatorLine.swift in Sources */ = {isa = PBXBuildFile; fileRef = BAD0FD549361321E9ADCA7D3 /* SeparatorLine.swift */; };
		BAD0FDF6F3E69C212F824F1D /* GetWeatherByCityIdRequest.swift in Sources */ = {isa = PBXBuildFile; fileRef = BAD0FE85083D8B4810CA2166 /* GetWeatherByCityIdRequest.swift */; };
		BAD0FE0D14C1DA9EA763FB0D /* TextFieldWithAnimatedPlaceholder.swift in Sources */ = {isa = PBXBuildFile; fileRef = BAD0F7D59B5B61A15AD1C94F /* TextFieldWithAnimatedPlaceholder.swift */; };
		BAD0FEC8FC779EA9570D06E3 /* AuthViewModel.swift in Sources */ = {isa = PBXBuildFile; fileRef = BAD0F9AB0D54B2CB20B7D5F7 /* AuthViewModel.swift */; };
		BAD0FF0C9274DE1E57DE807B /* GetWeatherByZipResponse.swift in Sources */ = {isa = PBXBuildFile; fileRef = BAD0FA4948CDE92E0640E1AE /* GetWeatherByZipResponse.swift */; };
		BAD0FF67731925E377B5E420 /* AppDelegate.swift in Sources */ = {isa = PBXBuildFile; fileRef = BAD0F5F62193BD4A50ED8598 /* AppDelegate.swift */; };
		BAD0FF8CFE2CCD3EA1A838AC /* WeatherAPIAdapter.swift in Sources */ = {isa = PBXBuildFile; fileRef = BAD0F0A7F6412A3404917446 /* WeatherAPIAdapter.swift */; };
		BAD0FF9A16973D7758D0D13C /* ViewController.swift in Sources */ = {isa = PBXBuildFile; fileRef = BAD0F4996CB308B0C0570F09 /* ViewController.swift */; };
		F34D1749202CD4C100D542E9 /* Localizable.strings in Resources */ = {isa = PBXBuildFile; fileRef = F34D174B202CD4C100D542E9 /* Localizable.strings */; };
/* End PBXBuildFile section */

/* Begin PBXFileReference section */
		391708E67172D248C48357BF /* Pods-testTask.debug.xcconfig */ = {isa = PBXFileReference; includeInIndex = 1; lastKnownFileType = text.xcconfig; name = "Pods-testTask.debug.xcconfig"; path = "Pods/Target Support Files/Pods-testTask/Pods-testTask.debug.xcconfig"; sourceTree = "<group>"; };
		4368D170AE9403FE76D63E50 /* Pods-testTask.release.xcconfig */ = {isa = PBXFileReference; includeInIndex = 1; lastKnownFileType = text.xcconfig; name = "Pods-testTask.release.xcconfig"; path = "Pods/Target Support Files/Pods-testTask/Pods-testTask.release.xcconfig"; sourceTree = "<group>"; };
		BAD0F083744DFCC592EDD01C /* GetWeatherByZipRequest.swift */ = {isa = PBXFileReference; fileEncoding = 4; lastKnownFileType = sourcecode.swift; path = GetWeatherByZipRequest.swift; sourceTree = "<group>"; };
		BAD0F0A7F6412A3404917446 /* WeatherAPIAdapter.swift */ = {isa = PBXFileReference; fileEncoding = 4; lastKnownFileType = sourcecode.swift; path = WeatherAPIAdapter.swift; sourceTree = "<group>"; };
		BAD0F1034D8AE176C5E75383 /* Base */ = {isa = PBXFileReference; lastKnownFileType = file.storyboard; name = Base; path = Base.lproj/LaunchScreen.storyboard; sourceTree = "<group>"; };
		BAD0F14305B8EB1019F3BFD2 /* Info.plist */ = {isa = PBXFileReference; lastKnownFileType = text.plist.info; path = Info.plist; sourceTree = "<group>"; };
		BAD0F17D7596B06A7C40FE8A /* AuthRouter.swift */ = {isa = PBXFileReference; fileEncoding = 4; lastKnownFileType = sourcecode.swift; path = AuthRouter.swift; sourceTree = "<group>"; };
		BAD0F22FF9079479B8ECAC5C /* AuthModel.swift */ = {isa = PBXFileReference; fileEncoding = 4; lastKnownFileType = sourcecode.swift; path = AuthModel.swift; sourceTree = "<group>"; };
		BAD0F33AE37A10199F370856 /* ForgotPasswordButton.swift */ = {isa = PBXFileReference; fileEncoding = 4; lastKnownFileType = sourcecode.swift; path = ForgotPasswordButton.swift; sourceTree = "<group>"; };
		BAD0F36DDCBC3686508E36F0 /* String+localized.swift */ = {isa = PBXFileReference; fileEncoding = 4; lastKnownFileType = sourcecode.swift; path = "String+localized.swift"; sourceTree = "<group>"; };
		BAD0F466C0596635E97AD9F8 /* WeatherAPI.swift */ = {isa = PBXFileReference; fileEncoding = 4; lastKnownFileType = sourcecode.swift; path = WeatherAPI.swift; sourceTree = "<group>"; };
		BAD0F4996CB308B0C0570F09 /* ViewController.swift */ = {isa = PBXFileReference; lastKnownFileType = sourcecode.swift; path = ViewController.swift; sourceTree = "<group>"; };
		BAD0F56B79A458D2F4F7F6FB /* testTask.app */ = {isa = PBXFileReference; explicitFileType = wrapper.application; includeInIndex = 0; path = testTask.app; sourceTree = BUILT_PRODUCTS_DIR; };
		BAD0F5B064F416A4AC3A3120 /* LoginButton.swift */ = {isa = PBXFileReference; fileEncoding = 4; lastKnownFileType = sourcecode.swift; path = LoginButton.swift; sourceTree = "<group>"; };
		BAD0F5E4E7202A72D87A8F96 /* APIRequest.Protocol.swift */ = {isa = PBXFileReference; fileEncoding = 4; lastKnownFileType = sourcecode.swift; path = APIRequest.Protocol.swift; sourceTree = "<group>"; };
		BAD0F5F62193BD4A50ED8598 /* AppDelegate.swift */ = {isa = PBXFileReference; lastKnownFileType = sourcecode.swift; path = AppDelegate.swift; sourceTree = "<group>"; };
		BAD0F7D59B5B61A15AD1C94F /* TextFieldWithAnimatedPlaceholder.swift */ = {isa = PBXFileReference; fileEncoding = 4; lastKnownFileType = sourcecode.swift; path = TextFieldWithAnimatedPlaceholder.swift; sourceTree = "<group>"; };
		BAD0F7E4DA8C23E202BC2E01 /* APIResponse.Protocol.swift */ = {isa = PBXFileReference; fileEncoding = 4; lastKnownFileType = sourcecode.swift; path = APIResponse.Protocol.swift; sourceTree = "<group>"; };
		BAD0F80CE922032DBFA85689 /* Assets.xcassets */ = {isa = PBXFileReference; lastKnownFileType = folder.assetcatalog; path = Assets.xcassets; sourceTree = "<group>"; };
		BAD0F9AB0D54B2CB20B7D5F7 /* AuthViewModel.swift */ = {isa = PBXFileReference; fileEncoding = 4; lastKnownFileType = sourcecode.swift; path = AuthViewModel.swift; sourceTree = "<group>"; };
		BAD0FA4948CDE92E0640E1AE /* GetWeatherByZipResponse.swift */ = {isa = PBXFileReference; fileEncoding = 4; lastKnownFileType = sourcecode.swift; path = GetWeatherByZipResponse.swift; sourceTree = "<group>"; };
		BAD0FAE9FF56A15073B3D592 /* UIColor+customColors.swift */ = {isa = PBXFileReference; fileEncoding = 4; lastKnownFileType = sourcecode.swift; path = "UIColor+customColors.swift"; sourceTree = "<group>"; };
		BAD0FB44626D101425ADF563 /* Validator.swift */ = {isa = PBXFileReference; fileEncoding = 4; lastKnownFileType = sourcecode.swift; path = Validator.swift; sourceTree = "<group>"; };
		BAD0FB6FC9F2D049C037A4DD /* RegisterButton.swift */ = {isa = PBXFileReference; fileEncoding = 4; lastKnownFileType = sourcecode.swift; path = RegisterButton.swift; sourceTree = "<group>"; };
		BAD0FD549361321E9ADCA7D3 /* SeparatorLine.swift */ = {isa = PBXFileReference; fileEncoding = 4; lastKnownFileType = sourcecode.swift; path = SeparatorLine.swift; sourceTree = "<group>"; };
		BAD0FD79C178162CB018AA61 /* AuthViewController.swift */ = {isa = PBXFileReference; fileEncoding = 4; lastKnownFileType = sourcecode.swift; path = AuthViewController.swift; sourceTree = "<group>"; };
		BAD0FE85083D8B4810CA2166 /* GetWeatherByCityIdRequest.swift */ = {isa = PBXFileReference; fileEncoding = 4; lastKnownFileType = sourcecode.swift; path = GetWeatherByCityIdRequest.swift; sourceTree = "<group>"; };
		BAD0FF0984B14E1007D43530 /* StringManager.swift */ = {isa = PBXFileReference; fileEncoding = 4; lastKnownFileType = sourcecode.swift; path = StringManager.swift; sourceTree = "<group>"; };
		EF42E88B78754DCB3A12C814 /* Pods_testTask.framework */ = {isa = PBXFileReference; explicitFileType = wrapper.framework; includeInIndex = 0; path = Pods_testTask.framework; sourceTree = BUILT_PRODUCTS_DIR; };
		F34D1746202CD3FD00D542E9 /* ru */ = {isa = PBXFileReference; lastKnownFileType = text.plist.strings; name = ru; path = ru.lproj/LaunchScreen.strings; sourceTree = "<group>"; };
		F34D174A202CD4C100D542E9 /* ru */ = {isa = PBXFileReference; lastKnownFileType = text.plist.strings; name = ru; path = ru.lproj/Localizable.strings; sourceTree = "<group>"; };
		F34D174C202CD4C600D542E9 /* en */ = {isa = PBXFileReference; lastKnownFileType = text.plist.strings; name = en; path = en.lproj/Localizable.strings; sourceTree = "<group>"; };
/* End PBXFileReference section */

/* Begin PBXFrameworksBuildPhase section */
		BAD0F625E1B928A67E16BAC7 /* Frameworks */ = {
			isa = PBXFrameworksBuildPhase;
			buildActionMask = 2147483647;
			files = (
				0696B089BB604B7368D2E0C2 /* Pods_testTask.framework in Frameworks */,
			);
			runOnlyForDeploymentPostprocessing = 0;
		};
/* End PBXFrameworksBuildPhase section */

/* Begin PBXGroup section */
		294CE8AEEC4F3A085AD6CA2F /* Frameworks */ = {
			isa = PBXGroup;
			children = (
				EF42E88B78754DCB3A12C814 /* Pods_testTask.framework */,
			);
			name = Frameworks;
			sourceTree = "<group>";
		};
		4036F02F112364AD6F951FD3 /* Pods */ = {
			isa = PBXGroup;
			children = (
				391708E67172D248C48357BF /* Pods-testTask.debug.xcconfig */,
				4368D170AE9403FE76D63E50 /* Pods-testTask.release.xcconfig */,
			);
			name = Pods;
			sourceTree = "<group>";
		};
		BAD0F001E1D26E1EC8C474BE /* testTask */ = {
			isa = PBXGroup;
			children = (
				BAD0F14305B8EB1019F3BFD2 /* Info.plist */,
				BAD0F80CE922032DBFA85689 /* Assets.xcassets */,
				BAD0FC678A5C9E21B9CF815B /* LaunchScreen.storyboard */,
				BAD0F5F62193BD4A50ED8598 /* AppDelegate.swift */,
				BAD0F4996CB308B0C0570F09 /* ViewController.swift */,
				BAD0FB7433FA376069326C1D /* Modules */,
				BAD0FAFC969F5D15708B52AB /* Extensions */,
				BAD0FB8F1A58490F1BC4B74E /* Frameworks */,
				BAD0FA1FFCE2AA2ED61D29A2 /* Entity */,
				F34D174B202CD4C100D542E9 /* Localizable.strings */,
			);
			path = testTask;
			sourceTree = "<group>";
		};
		BAD0F2C5883A4C4AAFEECA0E /* Products */ = {
			isa = PBXGroup;
			children = (
				BAD0F56B79A458D2F4F7F6FB /* testTask.app */,
			);
			name = Products;
			sourceTree = "<group>";
		};
		BAD0F313204CBEEAEA52EFD7 /* Router */ = {
			isa = PBXGroup;
			children = (
				BAD0F17D7596B06A7C40FE8A /* AuthRouter.swift */,
			);
			path = Router;
			sourceTree = "<group>";
		};
		BAD0F3FDEE20DCFF8A7EF6D6 /* ViewController */ = {
			isa = PBXGroup;
			children = (
				BAD0FD79C178162CB018AA61 /* AuthViewController.swift */,
			);
			path = ViewController;
			sourceTree = "<group>";
		};
		BAD0F405C973507E65A00C67 /* Auth */ = {
			isa = PBXGroup;
			children = (
				BAD0F3FDEE20DCFF8A7EF6D6 /* ViewController */,
				BAD0FEA85EA41C0BE2DDFB76 /* View */,
				BAD0F6D8506DB65518444DE6 /* ViewModel */,
				BAD0F6FD439BF841DC14F9D7 /* Model */,
				BAD0F313204CBEEAEA52EFD7 /* Router */,
			);
			path = Auth;
			sourceTree = "<group>";
		};
		BAD0F6D8506DB65518444DE6 /* ViewModel */ = {
			isa = PBXGroup;
			children = (
				BAD0F9AB0D54B2CB20B7D5F7 /* AuthViewModel.swift */,
			);
			path = ViewModel;
			sourceTree = "<group>";
		};
		BAD0F6FD439BF841DC14F9D7 /* Model */ = {
			isa = PBXGroup;
			children = (
				BAD0F22FF9079479B8ECAC5C /* AuthModel.swift */,
			);
			path = Model;
			sourceTree = "<group>";
		};
		BAD0F791507C7C600524D896 /* API */ = {
			isa = PBXGroup;
			children = (
				BAD0F5E4E7202A72D87A8F96 /* APIRequest.Protocol.swift */,
				BAD0F083744DFCC592EDD01C /* GetWeatherByZipRequest.swift */,
				BAD0F7E4DA8C23E202BC2E01 /* APIResponse.Protocol.swift */,
				BAD0FA4948CDE92E0640E1AE /* GetWeatherByZipResponse.swift */,
				BAD0FE85083D8B4810CA2166 /* GetWeatherByCityIdRequest.swift */,
			);
			path = API;
			sourceTree = "<group>";
		};
		BAD0F818A901F534B7B1D393 = {
			isa = PBXGroup;
			children = (
				BAD0F2C5883A4C4AAFEECA0E /* Products */,
				BAD0F001E1D26E1EC8C474BE /* testTask */,
				4036F02F112364AD6F951FD3 /* Pods */,
				294CE8AEEC4F3A085AD6CA2F /* Frameworks */,
			);
			sourceTree = "<group>";
		};
		BAD0FA1FFCE2AA2ED61D29A2 /* Entity */ = {
			isa = PBXGroup;
			children = (
				BAD0F791507C7C600524D896 /* API */,
			);
			path = Entity;
			sourceTree = "<group>";
		};
		BAD0FAFC969F5D15708B52AB /* Extensions */ = {
			isa = PBXGroup;
			children = (
				BAD0FAE9FF56A15073B3D592 /* UIColor+customColors.swift */,
				BAD0F36DDCBC3686508E36F0 /* String+localized.swift */,
			);
			path = Extensions;
			sourceTree = "<group>";
		};
		BAD0FB7433FA376069326C1D /* Modules */ = {
			isa = PBXGroup;
			children = (
				BAD0F405C973507E65A00C67 /* Auth */,
			);
			path = Modules;
			sourceTree = "<group>";
		};
		BAD0FB8F1A58490F1BC4B74E /* Frameworks */ = {
			isa = PBXGroup;
			children = (
				BAD0FF0984B14E1007D43530 /* StringManager.swift */,
				BAD0FC847D0E92DF15C42354 /* WeatherAPI */,
				BAD0FB44626D101425ADF563 /* Validator.swift */,
			);
			path = Frameworks;
			sourceTree = "<group>";
		};
		BAD0FC847D0E92DF15C42354 /* WeatherAPI */ = {
			isa = PBXGroup;
			children = (
				BAD0F0A7F6412A3404917446 /* WeatherAPIAdapter.swift */,
				BAD0F466C0596635E97AD9F8 /* WeatherAPI.swift */,
			);
			path = WeatherAPI;
			sourceTree = "<group>";
		};
		BAD0FEA85EA41C0BE2DDFB76 /* View */ = {
			isa = PBXGroup;
			children = (
				BAD0F5B064F416A4AC3A3120 /* LoginButton.swift */,
				BAD0F33AE37A10199F370856 /* ForgotPasswordButton.swift */,
				BAD0FD549361321E9ADCA7D3 /* SeparatorLine.swift */,
				BAD0FB6FC9F2D049C037A4DD /* RegisterButton.swift */,
				BAD0F7D59B5B61A15AD1C94F /* TextFieldWithAnimatedPlaceholder.swift */,
			);
			path = View;
			sourceTree = "<group>";
		};
/* End PBXGroup section */

/* Begin PBXNativeTarget section */
		BAD0F1DE1DA18CFAE1A81980 /* testTask */ = {
			isa = PBXNativeTarget;
			buildConfigurationList = BAD0FFE18A0EB338E2A93D3C /* Build configuration list for PBXNativeTarget "testTask" */;
			buildPhases = (
				B26E7DD007DA6A459F718AA1 /* [CP] Check Pods Manifest.lock */,
				BAD0F5DC152FDE39CFA7E547 /* Sources */,
				BAD0F625E1B928A67E16BAC7 /* Frameworks */,
				BAD0F6C87C228578C65686C1 /* Resources */,
				ADDCC8F14E38D5D4657B6731 /* [CP] Embed Pods Frameworks */,
				E778216CB8B82CA14322634E /* [CP] Copy Pods Resources */,
			);
			buildRules = (
			);
			dependencies = (
			);
			name = testTask;
			productName = testTask;
			productReference = BAD0F56B79A458D2F4F7F6FB /* testTask.app */;
			productType = "com.apple.product-type.application";
		};
/* End PBXNativeTarget section */

/* Begin PBXProject section */
		BAD0FB1D190CDB72C03ED6FB /* Project object */ = {
			isa = PBXProject;
			attributes = {
				ORGANIZATIONNAME = "___FULLUSERNAME___";
			};
			buildConfigurationList = BAD0F9905F1BAFB20435290B /* Build configuration list for PBXProject "testTask" */;
			compatibilityVersion = "Xcode 3.2";
			developmentRegion = English;
			hasScannedForEncodings = 0;
			knownRegions = (
				en,
			);
			mainGroup = BAD0F818A901F534B7B1D393;
			productRefGroup = BAD0F2C5883A4C4AAFEECA0E /* Products */;
			projectDirPath = "";
			projectRoot = "";
			targets = (
				BAD0F1DE1DA18CFAE1A81980 /* testTask */,
			);
		};
/* End PBXProject section */

/* Begin PBXResourcesBuildPhase section */
		BAD0F6C87C228578C65686C1 /* Resources */ = {
			isa = PBXResourcesBuildPhase;
			buildActionMask = 2147483647;
			files = (
				BAD0FD2BAA145A48D086F4E3 /* Assets.xcassets in Resources */,
				F34D1749202CD4C100D542E9 /* Localizable.strings in Resources */,
				BAD0FA390AA8859F1AA16DEA /* LaunchScreen.storyboard in Resources */,
			);
			runOnlyForDeploymentPostprocessing = 0;
		};
/* End PBXResourcesBuildPhase section */

/* Begin PBXShellScriptBuildPhase section */
		ADDCC8F14E38D5D4657B6731 /* [CP] Embed Pods Frameworks */ = {
			isa = PBXShellScriptBuildPhase;
			buildActionMask = 2147483647;
			files = (
			);
			inputPaths = (
				"${SRCROOT}/Pods/Target Support Files/Pods-testTask/Pods-testTask-frameworks.sh",
				"${BUILT_PRODUCTS_DIR}/Alamofire/Alamofire.framework",
				"${BUILT_PRODUCTS_DIR}/ObjectMapper/ObjectMapper.framework",
				"${BUILT_PRODUCTS_DIR}/RxAlamofire/RxAlamofire.framework",
				"${BUILT_PRODUCTS_DIR}/RxCocoa/RxCocoa.framework",
				"${BUILT_PRODUCTS_DIR}/RxKeyboard/RxKeyboard.framework",
				"${BUILT_PRODUCTS_DIR}/RxSwift/RxSwift.framework",
			);
			name = "[CP] Embed Pods Frameworks";
			outputPaths = (
				"${TARGET_BUILD_DIR}/${FRAMEWORKS_FOLDER_PATH}/Alamofire.framework",
				"${TARGET_BUILD_DIR}/${FRAMEWORKS_FOLDER_PATH}/ObjectMapper.framework",
				"${TARGET_BUILD_DIR}/${FRAMEWORKS_FOLDER_PATH}/RxAlamofire.framework",
				"${TARGET_BUILD_DIR}/${FRAMEWORKS_FOLDER_PATH}/RxCocoa.framework",
				"${TARGET_BUILD_DIR}/${FRAMEWORKS_FOLDER_PATH}/RxKeyboard.framework",
				"${TARGET_BUILD_DIR}/${FRAMEWORKS_FOLDER_PATH}/RxSwift.framework",
			);
			runOnlyForDeploymentPostprocessing = 0;
			shellPath = /bin/sh;
			shellScript = "\"${SRCROOT}/Pods/Target Support Files/Pods-testTask/Pods-testTask-frameworks.sh\"\n";
			showEnvVarsInLog = 0;
		};
		B26E7DD007DA6A459F718AA1 /* [CP] Check Pods Manifest.lock */ = {
			isa = PBXShellScriptBuildPhase;
			buildActionMask = 2147483647;
			files = (
			);
			inputPaths = (
				"${PODS_PODFILE_DIR_PATH}/Podfile.lock",
				"${PODS_ROOT}/Manifest.lock",
			);
			name = "[CP] Check Pods Manifest.lock";
			outputPaths = (
				"$(DERIVED_FILE_DIR)/Pods-testTask-checkManifestLockResult.txt",
			);
			runOnlyForDeploymentPostprocessing = 0;
			shellPath = /bin/sh;
			shellScript = "diff \"${PODS_PODFILE_DIR_PATH}/Podfile.lock\" \"${PODS_ROOT}/Manifest.lock\" > /dev/null\nif [ $? != 0 ] ; then\n    # print error to STDERR\n    echo \"error: The sandbox is not in sync with the Podfile.lock. Run 'pod install' or update your CocoaPods installation.\" >&2\n    exit 1\nfi\n# This output is used by Xcode 'outputs' to avoid re-running this script phase.\necho \"SUCCESS\" > \"${SCRIPT_OUTPUT_FILE_0}\"\n";
			showEnvVarsInLog = 0;
		};
		E778216CB8B82CA14322634E /* [CP] Copy Pods Resources */ = {
			isa = PBXShellScriptBuildPhase;
			buildActionMask = 2147483647;
			files = (
			);
			inputPaths = (
			);
			name = "[CP] Copy Pods Resources";
			outputPaths = (
			);
			runOnlyForDeploymentPostprocessing = 0;
			shellPath = /bin/sh;
			shellScript = "\"${SRCROOT}/Pods/Target Support Files/Pods-testTask/Pods-testTask-resources.sh\"\n";
			showEnvVarsInLog = 0;
		};
/* End PBXShellScriptBuildPhase section */

/* Begin PBXSourcesBuildPhase section */
		BAD0F5DC152FDE39CFA7E547 /* Sources */ = {
			isa = PBXSourcesBuildPhase;
			buildActionMask = 2147483647;
			files = (
				BAD0FF67731925E377B5E420 /* AppDelegate.swift in Sources */,
				BAD0FF9A16973D7758D0D13C /* ViewController.swift in Sources */,
				BAD0F734145C26E03B008871 /* AuthViewController.swift in Sources */,
				BAD0F5B1B18F4C26FEECB78C /* LoginButton.swift in Sources */,
				BAD0FAC85505F9CB6EAF71A1 /* UIColor+customColors.swift in Sources */,
				BAD0F829BAFD46DE8C317098 /* APIRequest.Protocol.swift in Sources */,
				BAD0F957D281946A78BFAB27 /* GetWeatherByZipRequest.swift in Sources */,
				BAD0F5FDE7689B26026199AA /* APIResponse.Protocol.swift in Sources */,
				BAD0FF0C9274DE1E57DE807B /* GetWeatherByZipResponse.swift in Sources */,
				BAD0F4E620E35DD134E7BD08 /* AuthRouter.swift in Sources */,
				BAD0F161A425F8B7836B296D /* StringManager.swift in Sources */,
				BAD0FF8CFE2CCD3EA1A838AC /* WeatherAPIAdapter.swift in Sources */,
				BAD0FC6E7E982B11A055A96E /* WeatherAPI.swift in Sources */,
				BAD0F7D92A7BB174DF15F645 /* Validator.swift in Sources */,
				BAD0FEC8FC779EA9570D06E3 /* AuthViewModel.swift in Sources */,
				BAD0FD7DC93A4DE45376CFB2 /* AuthModel.swift in Sources */,
				BAD0FC63CCBD38B6CAC8BB09 /* ForgotPasswordButton.swift in Sources */,
				BAD0F035FE50ECA16B79C73A /* String+localized.swift in Sources */,
				BAD0FD9B988389F3BC1F9E2D /* SeparatorLine.swift in Sources */,
				BAD0F3354C243F8EDB49A820 /* RegisterButton.swift in Sources */,
				BAD0FE0D14C1DA9EA763FB0D /* TextFieldWithAnimatedPlaceholder.swift in Sources */,
				BAD0FDF6F3E69C212F824F1D /* GetWeatherByCityIdRequest.swift in Sources */,
			);
			runOnlyForDeploymentPostprocessing = 0;
		};
/* End PBXSourcesBuildPhase section */

/* Begin PBXVariantGroup section */
		BAD0FC678A5C9E21B9CF815B /* LaunchScreen.storyboard */ = {
			isa = PBXVariantGroup;
			children = (
				BAD0F1034D8AE176C5E75383 /* Base */,
				F34D1746202CD3FD00D542E9 /* ru */,
			);
			name = LaunchScreen.storyboard;
			sourceTree = "<group>";
		};
		F34D174B202CD4C100D542E9 /* Localizable.strings */ = {
			isa = PBXVariantGroup;
			children = (
				F34D174A202CD4C100D542E9 /* ru */,
				F34D174C202CD4C600D542E9 /* en */,
			);
			name = Localizable.strings;
			sourceTree = "<group>";
		};
/* End PBXVariantGroup section */

/* Begin XCBuildConfiguration section */
		BAD0F459719D8038A9041C85 /* Debug */ = {
			isa = XCBuildConfiguration;
			buildSettings = {
				ALWAYS_SEARCH_USER_PATHS = NO;
				CLANG_ANALYZER_LOCALIZABILITY_NONLOCALIZED = YES;
				CLANG_ANALYZER_NONNULL = YES;
				CLANG_ANALYZER_NUMBER_OBJECT_CONVERSION = YES_AGGRESSIVE;
				CLANG_CXX_LANGUAGE_STANDARD = "gnu++14";
				CLANG_CXX_LIBRARY = "libc++";
				CLANG_ENABLE_MODULES = YES;
				CLANG_ENABLE_OBJC_ARC = YES;
				CLANG_WARN_BLOCK_CAPTURE_AUTORELEASING = YES;
				CLANG_WARN_BOOL_CONVERSION = YES;
				CLANG_WARN_COMMA = YES;
				CLANG_WARN_CONSTANT_CONVERSION = YES;
				CLANG_WARN_DIRECT_OBJC_ISA_USAGE = YES_ERROR;
				CLANG_WARN_DOCUMENTATION_COMMENTS = YES;
				CLANG_WARN_EMPTY_BODY = YES;
				CLANG_WARN_ENUM_CONVERSION = YES;
				CLANG_WARN_INFINITE_RECURSION = YES;
				CLANG_WARN_INT_CONVERSION = YES;
				CLANG_WARN_NON_LITERAL_NULL_CONVERSION = YES;
				CLANG_WARN_OBJC_LITERAL_CONVERSION = YES;
				CLANG_WARN_OBJC_ROOT_CLASS = YES_ERROR;
				CLANG_WARN_RANGE_LOOP_ANALYSIS = YES;
				CLANG_WARN_STRICT_PROTOTYPES = YES;
				CLANG_WARN_SUSPICIOUS_MOVE = YES;
				CLANG_WARN_UNGUARDED_AVAILABILITY = YES_AGGRESSIVE;
				CLANG_WARN_UNREACHABLE_CODE = YES;
				CLANG_WARN__DUPLICATE_METHOD_MATCH = YES;
				CODE_SIGN_IDENTITY = "iPhone Developer";
				COPY_PHASE_STRIP = NO;
				DEBUG_INFORMATION_FORMAT = dwarf;
				ENABLE_STRICT_OBJC_MSGSEND = YES;
				ENABLE_TESTABILITY = YES;
				GCC_C_LANGUAGE_STANDARD = gnu11;
				GCC_DYNAMIC_NO_PIC = NO;
				GCC_NO_COMMON_BLOCKS = YES;
				GCC_OPTIMIZATION_LEVEL = 0;
				GCC_PREPROCESSOR_DEFINITIONS = (
					"DEBUG=1",
					"$(inherited)",
				);
				GCC_WARN_64_TO_32_BIT_CONVERSION = YES;
				GCC_WARN_ABOUT_RETURN_TYPE = YES_ERROR;
				GCC_WARN_UNDECLARED_SELECTOR = YES;
				GCC_WARN_UNINITIALIZED_AUTOS = YES_AGGRESSIVE;
				GCC_WARN_UNUSED_FUNCTION = YES;
				GCC_WARN_UNUSED_VARIABLE = YES;
				IPHONEOS_DEPLOYMENT_TARGET = 11.2;
				MTL_ENABLE_DEBUG_INFO = YES;
				ONLY_ACTIVE_ARCH = YES;
				SDKROOT = iphoneos;
				SWIFT_ACTIVE_COMPILATION_CONDITIONS = DEBUG;
				SWIFT_OPTIMIZATION_LEVEL = "-Onone";
			};
			name = Debug;
		};
		BAD0F60D77753B84EFAF7AF9 /* Debug */ = {
			isa = XCBuildConfiguration;
			baseConfigurationReference = 391708E67172D248C48357BF /* Pods-testTask.debug.xcconfig */;
			buildSettings = {
				ASSETCATALOG_COMPILER_APPICON_NAME = AppIcon;
				INFOPLIST_FILE = testTask/Info.plist;
				IPHONEOS_DEPLOYMENT_TARGET = 10.0;
				LD_RUNPATH_SEARCH_PATHS = "$(inherited) @executable_path/Frameworks";
				PRODUCT_BUNDLE_IDENTIFIER = test.testTask;
				PRODUCT_NAME = "$(TARGET_NAME)";
				SWIFT_VERSION = 4.0;
				TARGETED_DEVICE_FAMILY = 1;
			};
			name = Debug;
		};
		BAD0F79F237097C9299DF4C1 /* Release */ = {
			isa = XCBuildConfiguration;
			baseConfigurationReference = 4368D170AE9403FE76D63E50 /* Pods-testTask.release.xcconfig */;
			buildSettings = {
				ASSETCATALOG_COMPILER_APPICON_NAME = AppIcon;
				INFOPLIST_FILE = testTask/Info.plist;
				IPHONEOS_DEPLOYMENT_TARGET = 10.0;
				LD_RUNPATH_SEARCH_PATHS = "$(inherited) @executable_path/Frameworks";
				PRODUCT_BUNDLE_IDENTIFIER = test.testTask;
				PRODUCT_NAME = "$(TARGET_NAME)";
				SWIFT_VERSION = 4.0;
				TARGETED_DEVICE_FAMILY = 1;
			};
			name = Release;
		};
		BAD0FCDDA2A8CEE31D2FB04E /* Release */ = {
			isa = XCBuildConfiguration;
			buildSettings = {
				ALWAYS_SEARCH_USER_PATHS = NO;
				CLANG_ANALYZER_LOCALIZABILITY_NONLOCALIZED = YES;
				CLANG_ANALYZER_NONNULL = YES;
				CLANG_ANALYZER_NUMBER_OBJECT_CONVERSION = YES_AGGRESSIVE;
				CLANG_CXX_LANGUAGE_STANDARD = "gnu++14";
				CLANG_CXX_LIBRARY = "libc++";
				CLANG_ENABLE_MODULES = YES;
				CLANG_ENABLE_OBJC_ARC = YES;
				CLANG_WARN_BLOCK_CAPTURE_AUTORELEASING = YES;
				CLANG_WARN_BOOL_CONVERSION = YES;
				CLANG_WARN_COMMA = YES;
				CLANG_WARN_CONSTANT_CONVERSION = YES;
				CLANG_WARN_DIRECT_OBJC_ISA_USAGE = YES_ERROR;
				CLANG_WARN_DOCUMENTATION_COMMENTS = YES;
				CLANG_WARN_EMPTY_BODY = YES;
				CLANG_WARN_ENUM_CONVERSION = YES;
				CLANG_WARN_INFINITE_RECURSION = YES;
				CLANG_WARN_INT_CONVERSION = YES;
				CLANG_WARN_NON_LITERAL_NULL_CONVERSION = YES;
				CLANG_WARN_OBJC_LITERAL_CONVERSION = YES;
				CLANG_WARN_OBJC_ROOT_CLASS = YES_ERROR;
				CLANG_WARN_RANGE_LOOP_ANALYSIS = YES;
				CLANG_WARN_STRICT_PROTOTYPES = YES;
				CLANG_WARN_SUSPICIOUS_MOVE = YES;
				CLANG_WARN_UNGUARDED_AVAILABILITY = YES_AGGRESSIVE;
				CLANG_WARN_UNREACHABLE_CODE = YES;
				CLANG_WARN__DUPLICATE_METHOD_MATCH = YES;
				CODE_SIGN_IDENTITY = "iPhone Developer";
				COPY_PHASE_STRIP = NO;
				DEBUG_INFORMATION_FORMAT = "dwarf-with-dsym";
				ENABLE_NS_ASSERTIONS = NO;
				ENABLE_STRICT_OBJC_MSGSEND = YES;
				GCC_C_LANGUAGE_STANDARD = gnu11;
				GCC_NO_COMMON_BLOCKS = YES;
				GCC_WARN_64_TO_32_BIT_CONVERSION = YES;
				GCC_WARN_ABOUT_RETURN_TYPE = YES_ERROR;
				GCC_WARN_UNDECLARED_SELECTOR = YES;
				GCC_WARN_UNINITIALIZED_AUTOS = YES_AGGRESSIVE;
				GCC_WARN_UNUSED_FUNCTION = YES;
				GCC_WARN_UNUSED_VARIABLE = YES;
				IPHONEOS_DEPLOYMENT_TARGET = 11.2;
				MTL_ENABLE_DEBUG_INFO = NO;
				SDKROOT = iphoneos;
				SWIFT_OPTIMIZATION_LEVEL = "-Owholemodule";
				VALIDATE_PRODUCT = YES;
			};
			name = Release;
		};
/* End XCBuildConfiguration section */

/* Begin XCConfigurationList section */
		BAD0F9905F1BAFB20435290B /* Build configuration list for PBXProject "testTask" */ = {
			isa = XCConfigurationList;
			buildConfigurations = (
				BAD0F459719D8038A9041C85 /* Debug */,
				BAD0FCDDA2A8CEE31D2FB04E /* Release */,
			);
			defaultConfigurationIsVisible = 0;
			defaultConfigurationName = Release;
		};
		BAD0FFE18A0EB338E2A93D3C /* Build configuration list for PBXNativeTarget "testTask" */ = {
			isa = XCConfigurationList;
			buildConfigurations = (
				BAD0F60D77753B84EFAF7AF9 /* Debug */,
				BAD0F79F237097C9299DF4C1 /* Release */,
			);
			defaultConfigurationIsVisible = 0;
			defaultConfigurationName = Release;
		};
/* End XCConfigurationList section */
	};
	rootObject = BAD0FB1D190CDB72C03ED6FB /* Project object */;
}
